{
    "_readme": [
        "This file locks the dependencies of your project to a known state",
        "Read more about it at https://getcomposer.org/doc/01-basic-usage.md#composer-lock-the-lock-file",
        "This file is @generated automatically"
    ],
    "content-hash": "e669588093ca3f30727a3ed830000506",
    "packages": [
        {
            "name": "crodas/class-info",
            "version": "v0.2.3",
            "source": {
                "type": "git",
                "url": "https://github.com/crodas/ClassInfo.git",
                "reference": "986902e17fb374b2207a73e43b94afac532e2736"
            },
            "dist": {
                "type": "zip",
                "url": "https://api.github.com/repos/crodas/ClassInfo/zipball/986902e17fb374b2207a73e43b94afac532e2736",
                "reference": "986902e17fb374b2207a73e43b94afac532e2736",
                "shasum": ""
            },
            "require": {
                "nikic/php-parser": "^2.0 | ^1.0"
            },
            "type": "library",
            "autoload": {
                "psr-0": {
                    "crodas": "lib/"
                }
            },
            "notification-url": "https://packagist.org/downloads/",
            "license": [
                "BSD-4-Clause"
            ],
            "authors": [
                {
                    "name": "César D. Rodas",
                    "email": "crodas@php.net"
                }
            ],
            "description": "Get classes and functions defined in a given file",
            "time": "2016-11-16T06:21:08+00:00"
        },
        {
            "name": "crodas/file-util",
            "version": "v0.2.2",
            "source": {
                "type": "git",
                "url": "https://github.com/crodas/FileUtils.git",
                "reference": "e5726aac8cd187cd18d0bd2f4cc6f4f6d2efc097"
            },
            "dist": {
                "type": "zip",
                "url": "https://api.github.com/repos/crodas/FileUtils/zipball/e5726aac8cd187cd18d0bd2f4cc6f4f6d2efc097",
                "reference": "e5726aac8cd187cd18d0bd2f4cc6f4f6d2efc097",
                "shasum": ""
            },
            "type": "library",
            "autoload": {
                "psr-0": {
                    "crodas": "lib/"
                }
            },
            "notification-url": "https://packagist.org/downloads/",
            "license": [
                "BSD-4-Clause"
            ],
            "authors": [
                {
                    "name": "César D. Rodas",
                    "email": "crodas@php.net"
                }
            ],
            "description": "Useful libraries to manipulate files",
            "time": "2016-01-08T19:26:21+00:00"
        },
        {
            "name": "crodas/notoj",
            "version": "v1.4.2",
            "source": {
                "type": "git",
                "url": "https://github.com/crodas/Notoj.git",
                "reference": "0d4f461cb0e2d0188d881e4ecdfa7e9fe89f107e"
            },
            "dist": {
                "type": "zip",
                "url": "https://api.github.com/repos/crodas/Notoj/zipball/0d4f461cb0e2d0188d881e4ecdfa7e9fe89f107e",
                "reference": "0d4f461cb0e2d0188d881e4ecdfa7e9fe89f107e",
                "shasum": ""
            },
            "require": {
                "crodas/class-info": "^0.2",
                "crodas/file-util": "^0.2",
                "crodas/remember": ">=0.4.2",
                "php": ">=5.3.0"
            },
            "require-dev": {
                "johnkary/phpunit-speedtrap": "^1.0"
            },
            "type": "library",
            "autoload": {
                "psr-0": {
                    "Notoj": "lib/"
                }
            },
            "notification-url": "https://packagist.org/downloads/",
            "license": [
                "BSD-4-Clause"
            ],
            "authors": [
                {
                    "name": "César D. Rodas",
                    "email": "crodas@php.net"
                }
            ],
            "description": "Annotation parser. Uses reflection and provides cache out of the box.",
            "time": "2016-11-16T06:01:28+00:00"
        },
        {
            "name": "crodas/remember",
            "version": "v0.4.3",
            "source": {
                "type": "git",
                "url": "https://github.com/crodas/Remember.git",
                "reference": "f7df11174157c7b69213c6588fd8abd1d21f3bc7"
            },
            "dist": {
                "type": "zip",
                "url": "https://api.github.com/repos/crodas/Remember/zipball/f7df11174157c7b69213c6588fd8abd1d21f3bc7",
                "reference": "f7df11174157c7b69213c6588fd8abd1d21f3bc7",
                "shasum": ""
            },
            "require": {
                "crodas/file-util": "^0.2.2"
            },
            "require-dev": {
                "crodas/simple-view-engine": "^0.1.37"
            },
            "type": "library",
            "autoload": {
                "psr-0": {
                    "Remember": "src/"
                }
            },
            "notification-url": "https://packagist.org/downloads/",
            "license": [
                "MIT"
            ],
            "authors": [
                {
                    "name": "Cesar Rodas",
                    "email": "rodas@cesar.com.py"
                }
            ],
            "description": "Remember computations you did before (file cache)",
            "time": "2016-12-27T14:43:18+00:00"
        },
        {
            "name": "nikic/fast-route",
            "version": "dev-master",
            "source": {
                "type": "git",
                "url": "../FastRoute",
                "reference": "46e68c454a66f12e57331de0c8a724f467a47ef8"
            },
            "require": {
                "php": ">=5.4.0"
            },
            "type": "library",
            "autoload": {
                "psr-4": {
                    "FastRoute\\": "src/"
                },
                "files": [
                    "src/functions.php"
                ]
            },
            "license": [
                "BSD-3-Clause"
            ],
            "authors": [
                {
                    "name": "Nikita Popov",
                    "email": "nikic@php.net"
                }
            ],
            "description": "Fast request router for PHP",
            "keywords": [
                "router",
                "routing"
            ],
            "time": "2017-01-02 18:53:38"
        },
        {
            "name": "nikic/php-parser",
            "version": "v2.1.1",
            "source": {
                "type": "git",
                "url": "https://github.com/nikic/PHP-Parser.git",
                "reference": "4dd659edadffdc2143e4753df655d866dbfeedf0"
            },
            "dist": {
                "type": "zip",
                "url": "https://api.github.com/repos/nikic/PHP-Parser/zipball/4dd659edadffdc2143e4753df655d866dbfeedf0",
                "reference": "4dd659edadffdc2143e4753df655d866dbfeedf0",
                "shasum": ""
            },
            "require": {
                "ext-tokenizer": "*",
                "php": ">=5.4"
            },
            "require-dev": {
                "phpunit/phpunit": "~4.0"
            },
            "bin": [
                "bin/php-parse"
            ],
            "type": "library",
            "extra": {
                "branch-alias": {
                    "dev-master": "2.1-dev"
                }
            },
            "autoload": {
                "psr-4": {
                    "PhpParser\\": "lib/PhpParser"
                }
            },
            "notification-url": "https://packagist.org/downloads/",
            "license": [
                "BSD-3-Clause"
            ],
            "authors": [
                {
                    "name": "Nikita Popov"
                }
            ],
            "description": "A PHP parser written in PHP",
            "keywords": [
                "parser",
                "php"
            ],
            "time": "2016-09-16T12:04:44+00:00"
        },
        {
            "name": "psr/http-message",
            "version": "1.0.1",
            "source": {
                "type": "git",
                "url": "https://github.com/php-fig/http-message.git",
                "reference": "f6561bf28d520154e4b0ec72be95418abe6d9363"
            },
            "dist": {
                "type": "zip",
                "url": "https://api.github.com/repos/php-fig/http-message/zipball/f6561bf28d520154e4b0ec72be95418abe6d9363",
                "reference": "f6561bf28d520154e4b0ec72be95418abe6d9363",
                "shasum": ""
            },
            "require": {
                "php": ">=5.3.0"
            },
            "type": "library",
            "extra": {
                "branch-alias": {
                    "dev-master": "1.0.x-dev"
                }
            },
            "autoload": {
                "psr-4": {
                    "Psr\\Http\\Message\\": "src/"
                }
            },
            "notification-url": "https://packagist.org/downloads/",
            "license": [
                "MIT"
            ],
            "authors": [
                {
                    "name": "PHP-FIG",
                    "homepage": "http://www.php-fig.org/"
                }
            ],
            "description": "Common interface for HTTP messages",
            "homepage": "https://github.com/php-fig/http-message",
            "keywords": [
                "http",
                "http-message",
                "psr",
                "psr-7",
                "request",
                "response"
            ],
            "time": "2016-08-06T14:39:51+00:00"
        },
        {
            "name": "twig/twig",
            "version": "v1.30.0",
            "source": {
                "type": "git",
                "url": "https://github.com/twigphp/Twig.git",
                "reference": "c6ff71094fde15d12398eaba029434b013dc5e59"
            },
            "dist": {
                "type": "zip",
                "url": "https://api.github.com/repos/twigphp/Twig/zipball/c6ff71094fde15d12398eaba029434b013dc5e59",
                "reference": "c6ff71094fde15d12398eaba029434b013dc5e59",
                "shasum": ""
            },
            "require": {
                "php": ">=5.2.7"
            },
            "require-dev": {
                "symfony/debug": "~2.7",
                "symfony/phpunit-bridge": "~3.2@dev"
            },
            "type": "library",
            "extra": {
                "branch-alias": {
                    "dev-master": "1.30-dev"
                }
            },
            "autoload": {
                "psr-0": {
                    "Twig_": "lib/"
                }
            },
            "notification-url": "https://packagist.org/downloads/",
            "license": [
                "BSD-3-Clause"
            ],
            "authors": [
                {
                    "name": "Fabien Potencier",
                    "email": "fabien@symfony.com",
                    "homepage": "http://fabien.potencier.org",
                    "role": "Lead Developer"
                },
                {
                    "name": "Armin Ronacher",
                    "email": "armin.ronacher@active-4.com",
                    "role": "Project Founder"
                },
                {
                    "name": "Twig Team",
                    "homepage": "http://twig.sensiolabs.org/contributors",
                    "role": "Contributors"
                }
            ],
            "description": "Twig, the flexible, fast, and secure template language for PHP",
            "homepage": "http://twig.sensiolabs.org",
            "keywords": [
                "templating"
            ],
            "time": "2016-12-23T11:06:22+00:00"
        },
        {
            "name": "zendframework/zend-diactoros",
            "version": "1.3.7",
            "source": {
                "type": "git",
                "url": "https://github.com/zendframework/zend-diactoros.git",
                "reference": "969ff423d3f201da3ff718a5831bb999bb0669b0"
            },
            "dist": {
                "type": "zip",
                "url": "https://api.github.com/repos/zendframework/zend-diactoros/zipball/969ff423d3f201da3ff718a5831bb999bb0669b0",
                "reference": "969ff423d3f201da3ff718a5831bb999bb0669b0",
                "shasum": ""
            },
            "require": {
                "php": "^5.4 || ^7.0",
                "psr/http-message": "~1.0"
            },
            "provide": {
                "psr/http-message-implementation": "~1.0.0"
            },
            "require-dev": {
                "phpunit/phpunit": "^4.6 || ^5.5",
                "squizlabs/php_codesniffer": "^2.3.1"
            },
            "type": "library",
            "extra": {
                "branch-alias": {
                    "dev-master": "1.3-dev",
                    "dev-develop": "1.4-dev"
                }
            },
            "autoload": {
                "psr-4": {
                    "Zend\\Diactoros\\": "src/"
                }
            },
            "notification-url": "https://packagist.org/downloads/",
            "license": [
                "BSD-2-Clause"
            ],
            "description": "PSR HTTP Message implementations",
            "homepage": "https://github.com/zendframework/zend-diactoros",
            "keywords": [
                "http",
                "psr",
                "psr-7"
            ],
            "time": "2016-10-11T13:25:21+00:00"
        }
    ],
    "packages-dev": [],
    "aliases": [],
    "minimum-stability": "stable",
    "stability-flags": {
        "nikic/fast-route": 20
    },
    "prefer-stable": false,
    "prefer-lowest": false,
    "platform": [],
    "platform-dev": []
}
